
Microsoft Visual Studio Solution File, Format Version 12.00
Project("{2150E333-8FDC-42A3-9474-1A3956D46DE8}") = "Src", "Src", "{CFBC6D79-AAAF-4294-83B1-9B6E2EEB9A6B}"
EndProject
Project("{2150E333-8FDC-42A3-9474-1A3956D46DE8}") = "Tests", "Tests", "{7888AA1D-D18D-445C-A154-8BFC1F847195}"
EndProject
Project("{2150E333-8FDC-42A3-9474-1A3956D46DE8}") = "Core", "Core", "{3DF36515-A3A9-4DE0-9EA7-023F488DF161}"
EndProject
Project("{2150E333-8FDC-42A3-9474-1A3956D46DE8}") = "Infrastructure", "Infrastructure", "{F3861A28-57BA-4970-8BC3-45292A7CB005}"
EndProject
Project("{2150E333-8FDC-42A3-9474-1A3956D46DE8}") = "Presentation", "Presentation", "{8DDCED54-CDA3-40D7-8C77-CE71B7729728}"
EndProject
Project("{FAE04EC0-301F-11D3-BF4B-00C04F79EFBC}") = "BIThesisApi.Persistence", "BIThesisApi.Persistence\BIThesisApi.Persistence.csproj", "{91DA7314-E842-4252-B8A6-30A93829059D}"
EndProject
Project("{FAE04EC0-301F-11D3-BF4B-00C04F79EFBC}") = "BIThesisApi.Domain", "BIThesisApi.Domain\BIThesisApi.Domain.csproj", "{6F306CD9-06F9-4F34-AB8E-DFA9761642C4}"
EndProject
Project("{FAE04EC0-301F-11D3-BF4B-00C04F79EFBC}") = "BIThesisApi.Application", "BIThesisApi.Application\BIThesisApi.Application.csproj", "{19AFF217-54B1-420A-BA78-3B93D9546C5E}"
EndProject
Project("{FAE04EC0-301F-11D3-BF4B-00C04F79EFBC}") = "BIThesisApi.Api", "BIThesisApi.Api\BIThesisApi.Api.csproj", "{DF90157A-EB4B-494B-8CBC-DABF83A063FD}"
EndProject
Project("{FAE04EC0-301F-11D3-BF4B-00C04F79EFBC}") = "BIThesisApi.Api.IntegrationTests", "BIThesisApi.Api.IntegrationTests\BIThesisApi.Api.IntegrationTests.csproj", "{61542F8E-D64F-44A8-9C2D-3998F502171A}"
EndProject
Project("{FAE04EC0-301F-11D3-BF4B-00C04F79EFBC}") = "BIThesisApi.Application.UnitTests", "BIThesisApi.Application.UnitTests\BIThesisApi.Application.UnitTests.csproj", "{C324F8CF-2E56-4195-A0B1-3B63A1336149}"
EndProject
Global
	GlobalSection(SolutionConfigurationPlatforms) = preSolution
		Debug|Any CPU = Debug|Any CPU
		Release|Any CPU = Release|Any CPU
	EndGlobalSection
	GlobalSection(ProjectConfigurationPlatforms) = postSolution
		{91DA7314-E842-4252-B8A6-30A93829059D}.Debug|Any CPU.ActiveCfg = Debug|Any CPU
		{91DA7314-E842-4252-B8A6-30A93829059D}.Debug|Any CPU.Build.0 = Debug|Any CPU
		{91DA7314-E842-4252-B8A6-30A93829059D}.Release|Any CPU.ActiveCfg = Release|Any CPU
		{91DA7314-E842-4252-B8A6-30A93829059D}.Release|Any CPU.Build.0 = Release|Any CPU
		{6F306CD9-06F9-4F34-AB8E-DFA9761642C4}.Debug|Any CPU.ActiveCfg = Debug|Any CPU
		{6F306CD9-06F9-4F34-AB8E-DFA9761642C4}.Debug|Any CPU.Build.0 = Debug|Any CPU
		{6F306CD9-06F9-4F34-AB8E-DFA9761642C4}.Release|Any CPU.ActiveCfg = Release|Any CPU
		{6F306CD9-06F9-4F34-AB8E-DFA9761642C4}.Release|Any CPU.Build.0 = Release|Any CPU
		{19AFF217-54B1-420A-BA78-3B93D9546C5E}.Debug|Any CPU.ActiveCfg = Debug|Any CPU
		{19AFF217-54B1-420A-BA78-3B93D9546C5E}.Debug|Any CPU.Build.0 = Debug|Any CPU
		{19AFF217-54B1-420A-BA78-3B93D9546C5E}.Release|Any CPU.ActiveCfg = Release|Any CPU
		{19AFF217-54B1-420A-BA78-3B93D9546C5E}.Release|Any CPU.Build.0 = Release|Any CPU
		{DF90157A-EB4B-494B-8CBC-DABF83A063FD}.Debug|Any CPU.ActiveCfg = Debug|Any CPU
		{DF90157A-EB4B-494B-8CBC-DABF83A063FD}.Debug|Any CPU.Build.0 = Debug|Any CPU
		{DF90157A-EB4B-494B-8CBC-DABF83A063FD}.Release|Any CPU.ActiveCfg = Release|Any CPU
		{DF90157A-EB4B-494B-8CBC-DABF83A063FD}.Release|Any CPU.Build.0 = Release|Any CPU
		{61542F8E-D64F-44A8-9C2D-3998F502171A}.Debug|Any CPU.ActiveCfg = Debug|Any CPU
		{61542F8E-D64F-44A8-9C2D-3998F502171A}.Debug|Any CPU.Build.0 = Debug|Any CPU
		{61542F8E-D64F-44A8-9C2D-3998F502171A}.Release|Any CPU.ActiveCfg = Release|Any CPU
		{61542F8E-D64F-44A8-9C2D-3998F502171A}.Release|Any CPU.Build.0 = Release|Any CPU
		{C324F8CF-2E56-4195-A0B1-3B63A1336149}.Debug|Any CPU.ActiveCfg = Debug|Any CPU
		{C324F8CF-2E56-4195-A0B1-3B63A1336149}.Debug|Any CPU.Build.0 = Debug|Any CPU
		{C324F8CF-2E56-4195-A0B1-3B63A1336149}.Release|Any CPU.ActiveCfg = Release|Any CPU
		{C324F8CF-2E56-4195-A0B1-3B63A1336149}.Release|Any CPU.Build.0 = Release|Any CPU
	EndGlobalSection
	GlobalSection(NestedProjects) = preSolution
		{3DF36515-A3A9-4DE0-9EA7-023F488DF161} = {CFBC6D79-AAAF-4294-83B1-9B6E2EEB9A6B}
		{F3861A28-57BA-4970-8BC3-45292A7CB005} = {CFBC6D79-AAAF-4294-83B1-9B6E2EEB9A6B}
		{8DDCED54-CDA3-40D7-8C77-CE71B7729728} = {CFBC6D79-AAAF-4294-83B1-9B6E2EEB9A6B}
		{91DA7314-E842-4252-B8A6-30A93829059D} = {F3861A28-57BA-4970-8BC3-45292A7CB005}
		{6F306CD9-06F9-4F34-AB8E-DFA9761642C4} = {3DF36515-A3A9-4DE0-9EA7-023F488DF161}
		{19AFF217-54B1-420A-BA78-3B93D9546C5E} = {3DF36515-A3A9-4DE0-9EA7-023F488DF161}
		{DF90157A-EB4B-494B-8CBC-DABF83A063FD} = {8DDCED54-CDA3-40D7-8C77-CE71B7729728}
		{61542F8E-D64F-44A8-9C2D-3998F502171A} = {7888AA1D-D18D-445C-A154-8BFC1F847195}
		{C324F8CF-2E56-4195-A0B1-3B63A1336149} = {7888AA1D-D18D-445C-A154-8BFC1F847195}
	EndGlobalSection
EndGlobal
